
Microsoft Visual Studio Solution File, Format Version 12.00
# Visual Studio Version 16
VisualStudioVersion = 16.0.29709.97
MinimumVisualStudioVersion = 10.0.40219.1
Project("{888888A0-9F3D-457C-B088-3A5042F75D52}") = "Purchase_Items_Tax_Calculator", "Purchase_Items_Tax_Calculator\Purchase_Items_Tax_Calculator.pyproj", "{5D2AC548-4DD2-4B27-8356-941337DBF672}"
EndProject
Global
	GlobalSection(SolutionConfigurationPlatforms) = preSolution
		Debug|Any CPU = Debug|Any CPU
		Release|Any CPU = Release|Any CPU
	EndGlobalSection
	GlobalSection(ProjectConfigurationPlatforms) = postSolution
		{5D2AC548-4DD2-4B27-8356-941337DBF672}.Debug|Any CPU.ActiveCfg = Debug|Any CPU
		{5D2AC548-4DD2-4B27-8356-941337DBF672}.Release|Any CPU.ActiveCfg = Release|Any CPU
	EndGlobalSection
	GlobalSection(SolutionProperties) = preSolution
		HideSolutionNode = FALSE
	EndGlobalSection
	GlobalSection(ExtensibilityGlobals) = postSolution
		SolutionGuid = {5DD14D75-CC35-40C6-B2DB-3113D455C041}
	EndGlobalSection
EndGlobal
